
Microsoft Visual Studio Solution File, Format Version 12.00
# Visual Studio Version 16
VisualStudioVersion = 16.0.29806.167
MinimumVisualStudioVersion = 10.0.40219.1
Project("{FAE04EC0-301F-11D3-BF4B-00C04F79EFBC}") = "TrboPortal", "TrboPortal\TrboPortal.csproj", "{852853CA-7A84-4158-9B31-CC1B462A277F}"
EndProject
Project("{FAE04EC0-301F-11D3-BF4B-00C04F79EFBC}") = "TrboPortal.Tests", "TrboPortal.Tests\TrboPortal.Tests.csproj", "{1ED22474-37F2-4B42-A7ED-23960E3BA23F}"
EndProject
Global
	GlobalSection(SolutionConfigurationPlatforms) = preSolution
		Debug|Any CPU = Debug|Any CPU
		Release|Any CPU = Release|Any CPU
	EndGlobalSection
	GlobalSection(ProjectConfigurationPlatforms) = postSolution
		{852853CA-7A84-4158-9B31-CC1B462A277F}.Debug|Any CPU.ActiveCfg = Debug|Any CPU
		{852853CA-7A84-4158-9B31-CC1B462A277F}.Debug|Any CPU.Build.0 = Debug|Any CPU
		{852853CA-7A84-4158-9B31-CC1B462A277F}.Release|Any CPU.ActiveCfg = Release|Any CPU
		{852853CA-7A84-4158-9B31-CC1B462A277F}.Release|Any CPU.Build.0 = Release|Any CPU
		{1ED22474-37F2-4B42-A7ED-23960E3BA23F}.Debug|Any CPU.ActiveCfg = Debug|Any CPU
		{1ED22474-37F2-4B42-A7ED-23960E3BA23F}.Debug|Any CPU.Build.0 = Debug|Any CPU
		{1ED22474-37F2-4B42-A7ED-23960E3BA23F}.Release|Any CPU.ActiveCfg = Release|Any CPU
		{1ED22474-37F2-4B42-A7ED-23960E3BA23F}.Release|Any CPU.Build.0 = Release|Any CPU
	EndGlobalSection
	GlobalSection(SolutionProperties) = preSolution
		HideSolutionNode = FALSE
	EndGlobalSection
	GlobalSection(ExtensibilityGlobals) = postSolution
		SolutionGuid = {3F90F070-FD6D-42A5-BE67-A1A4B2A877B9}
	EndGlobalSection
EndGlobal
